
Microsoft Visual Studio Solution File, Format Version 12.00
# Visual Studio Version 17
VisualStudioVersion = 17.0.31903.59
MinimumVisualStudioVersion = 10.0.40219.1
Project("{2150E333-8FDC-42A3-9474-1A3956D46DE8}") = "src", "src", "{C700ED66-4C5C-429F-B56C-A50BE629ADEA}"
EndProject
Project("{FAE04EC0-301F-11D3-BF4B-00C04F79EFBC}") = "Motocycle.Api", "src\Motocycle.Api\Motocycle.Api.csproj", "{80A9698E-D5E6-4AC2-A167-FD762DFC8B43}"
EndProject
Project("{FAE04EC0-301F-11D3-BF4B-00C04F79EFBC}") = "Motocycle.Application", "src\Motocycle.Application\Motocycle.Application.csproj", "{CBC4EC05-8C4C-41D7-B5D8-51C7AC36F3C8}"
EndProject
Project("{FAE04EC0-301F-11D3-BF4B-00C04F79EFBC}") = "Motocycle.Infra", "src\Motocycle.Infra\Motocycle.Infra.csproj", "{63906982-8851-41DF-944A-AEC498C7C660}"
EndProject
Project("{FAE04EC0-301F-11D3-BF4B-00C04F79EFBC}") = "Motocycle.Domain", "src\Motocycle.Domain\Motocycle.Domain.csproj", "{D270DD63-941D-4441-AE87-DC3A0C0E193B}"
EndProject
Global
	GlobalSection(SolutionConfigurationPlatforms) = preSolution
		Debug|Any CPU = Debug|Any CPU
		Release|Any CPU = Release|Any CPU
	EndGlobalSection
	GlobalSection(SolutionProperties) = preSolution
		HideSolutionNode = FALSE
	EndGlobalSection
	GlobalSection(ProjectConfigurationPlatforms) = postSolution
		{80A9698E-D5E6-4AC2-A167-FD762DFC8B43}.Debug|Any CPU.ActiveCfg = Debug|Any CPU
		{80A9698E-D5E6-4AC2-A167-FD762DFC8B43}.Debug|Any CPU.Build.0 = Debug|Any CPU
		{80A9698E-D5E6-4AC2-A167-FD762DFC8B43}.Release|Any CPU.ActiveCfg = Release|Any CPU
		{80A9698E-D5E6-4AC2-A167-FD762DFC8B43}.Release|Any CPU.Build.0 = Release|Any CPU
		{CBC4EC05-8C4C-41D7-B5D8-51C7AC36F3C8}.Debug|Any CPU.ActiveCfg = Debug|Any CPU
		{CBC4EC05-8C4C-41D7-B5D8-51C7AC36F3C8}.Debug|Any CPU.Build.0 = Debug|Any CPU
		{CBC4EC05-8C4C-41D7-B5D8-51C7AC36F3C8}.Release|Any CPU.ActiveCfg = Release|Any CPU
		{CBC4EC05-8C4C-41D7-B5D8-51C7AC36F3C8}.Release|Any CPU.Build.0 = Release|Any CPU
		{63906982-8851-41DF-944A-AEC498C7C660}.Debug|Any CPU.ActiveCfg = Debug|Any CPU
		{63906982-8851-41DF-944A-AEC498C7C660}.Debug|Any CPU.Build.0 = Debug|Any CPU
		{63906982-8851-41DF-944A-AEC498C7C660}.Release|Any CPU.ActiveCfg = Release|Any CPU
		{63906982-8851-41DF-944A-AEC498C7C660}.Release|Any CPU.Build.0 = Release|Any CPU
		{D270DD63-941D-4441-AE87-DC3A0C0E193B}.Debug|Any CPU.ActiveCfg = Debug|Any CPU
		{D270DD63-941D-4441-AE87-DC3A0C0E193B}.Debug|Any CPU.Build.0 = Debug|Any CPU
		{D270DD63-941D-4441-AE87-DC3A0C0E193B}.Release|Any CPU.ActiveCfg = Release|Any CPU
		{D270DD63-941D-4441-AE87-DC3A0C0E193B}.Release|Any CPU.Build.0 = Release|Any CPU
	EndGlobalSection
	GlobalSection(NestedProjects) = preSolution
		{80A9698E-D5E6-4AC2-A167-FD762DFC8B43} = {C700ED66-4C5C-429F-B56C-A50BE629ADEA}
		{CBC4EC05-8C4C-41D7-B5D8-51C7AC36F3C8} = {C700ED66-4C5C-429F-B56C-A50BE629ADEA}
		{63906982-8851-41DF-944A-AEC498C7C660} = {C700ED66-4C5C-429F-B56C-A50BE629ADEA}
		{D270DD63-941D-4441-AE87-DC3A0C0E193B} = {C700ED66-4C5C-429F-B56C-A50BE629ADEA}
	EndGlobalSection
EndGlobal
